// !$*UTF8*$!
{
	archiveVersion = 1;
	classes = {
	};
	objectVersion = 46;
	objects = {

/* Begin PBXBuildFile section */
		9C206BC91F627F0000AF04B2 /* testViewController.swift in Sources */ = {isa = PBXBuildFile; fileRef = 9C206BC81F627F0000AF04B2 /* testViewController.swift */; };
		9C5A05FE1E9243D40071A508 /* LacationTrainVC2.swift in Sources */ = {isa = PBXBuildFile; fileRef = 9C5A05FD1E9243D40071A508 /* LacationTrainVC2.swift */; };
		9C74AD531F5D6D7B00219470 /* HOMEViewController.swift in Sources */ = {isa = PBXBuildFile; fileRef = 9C74AD521F5D6D7B00219470 /* HOMEViewController.swift */; };
		9C7D81881E796F180093F41B /* AppDelegate.swift in Sources */ = {isa = PBXBuildFile; fileRef = 9C7D81871E796F180093F41B /* AppDelegate.swift */; };
		9C7D818D1E796F180093F41B /* Main.storyboard in Resources */ = {isa = PBXBuildFile; fileRef = 9C7D818B1E796F180093F41B /* Main.storyboard */; };
		9C7D818F1E796F180093F41B /* Assets.xcassets in Resources */ = {isa = PBXBuildFile; fileRef = 9C7D818E1E796F180093F41B /* Assets.xcassets */; };
		9C7D81921E796F180093F41B /* LaunchScreen.storyboard in Resources */ = {isa = PBXBuildFile; fileRef = 9C7D81901E796F180093F41B /* LaunchScreen.storyboard */; };
		9C7D819D1E796F180093F41B /* App_TrainTests.swift in Sources */ = {isa = PBXBuildFile; fileRef = 9C7D819C1E796F180093F41B /* App_TrainTests.swift */; };
		9C7D81A81E796F180093F41B /* App_TrainUITests.swift in Sources */ = {isa = PBXBuildFile; fileRef = 9C7D81A71E796F180093F41B /* App_TrainUITests.swift */; };
		9C7D81C41E797A830093F41B /* Home1ViewController.swift in Sources */ = {isa = PBXBuildFile; fileRef = 9C7D81C31E797A830093F41B /* Home1ViewController.swift */; };
		9C7D81C61E797B080093F41B /* LocationTrainVC.swift in Sources */ = {isa = PBXBuildFile; fileRef = 9C7D81C51E797B080093F41B /* LocationTrainVC.swift */; };
		9C7D81C81E797BF10093F41B /* Reachability.swift in Sources */ = {isa = PBXBuildFile; fileRef = 9C7D81C71E797BF10093F41B /* Reachability.swift */; };
		9C8069B81F592C3E002D7A39 /* LocationTrainVC3.swift in Sources */ = {isa = PBXBuildFile; fileRef = 9C8069B71F592C3E002D7A39 /* LocationTrainVC3.swift */; };
		9C8069BA1F592D26002D7A39 /* LocationTrainVC4.swift in Sources */ = {isa = PBXBuildFile; fileRef = 9C8069B91F592D26002D7A39 /* LocationTrainVC4.swift */; };
		9CCD9B251F5DBBFA007D386E /* TrainStationViewController.swift in Sources */ = {isa = PBXBuildFile; fileRef = 9CCD9B241F5DBBFA007D386E /* TrainStationViewController.swift */; };
/* End PBXBuildFile section */

/* Begin PBXContainerItemProxy section */
		9C7D81991E796F180093F41B /* PBXContainerItemProxy */ = {
			isa = PBXContainerItemProxy;
			containerPortal = 9C7D817C1E796F180093F41B /* Project object */;
			proxyType = 1;
			remoteGlobalIDString = 9C7D81831E796F180093F41B;
			remoteInfo = "App Train";
		};
		9C7D81A41E796F180093F41B /* PBXContainerItemProxy */ = {
			isa = PBXContainerItemProxy;
			containerPortal = 9C7D817C1E796F180093F41B /* Project object */;
			proxyType = 1;
			remoteGlobalIDString = 9C7D81831E796F180093F41B;
			remoteInfo = "App Train";
		};
/* End PBXContainerItemProxy section */

/* Begin PBXFileReference section */
		9C206BC81F627F0000AF04B2 /* testViewController.swift */ = {isa = PBXFileReference; fileEncoding = 4; lastKnownFileType = sourcecode.swift; path = testViewController.swift; sourceTree = "<group>"; };
		9C5A05FD1E9243D40071A508 /* LacationTrainVC2.swift */ = {isa = PBXFileReference; fileEncoding = 4; lastKnownFileType = sourcecode.swift; path = LacationTrainVC2.swift; sourceTree = "<group>"; };
		9C74AD521F5D6D7B00219470 /* HOMEViewController.swift */ = {isa = PBXFileReference; fileEncoding = 4; lastKnownFileType = sourcecode.swift; path = HOMEViewController.swift; sourceTree = "<group>"; };
		9C7D81841E796F180093F41B /* App Train.app */ = {isa = PBXFileReference; explicitFileType = wrapper.application; includeInIndex = 0; path = "App Train.app"; sourceTree = BUILT_PRODUCTS_DIR; };
		9C7D81871E796F180093F41B /* AppDelegate.swift */ = {isa = PBXFileReference; lastKnownFileType = sourcecode.swift; path = AppDelegate.swift; sourceTree = "<group>"; };
		9C7D818C1E796F180093F41B /* Base */ = {isa = PBXFileReference; lastKnownFileType = file.storyboard; name = Base; path = Base.lproj/Main.storyboard; sourceTree = "<group>"; };
		9C7D818E1E796F180093F41B /* Assets.xcassets */ = {isa = PBXFileReference; lastKnownFileType = folder.assetcatalog; path = Assets.xcassets; sourceTree = "<group>"; };
		9C7D81911E796F180093F41B /* Base */ = {isa = PBXFileReference; lastKnownFileType = file.storyboard; name = Base; path = Base.lproj/LaunchScreen.storyboard; sourceTree = "<group>"; };
		9C7D81931E796F180093F41B /* Info.plist */ = {isa = PBXFileReference; lastKnownFileType = text.plist.xml; path = Info.plist; sourceTree = "<group>"; };
		9C7D81981E796F180093F41B /* App TrainTests.xctest */ = {isa = PBXFileReference; explicitFileType = wrapper.cfbundle; includeInIndex = 0; path = "App TrainTests.xctest"; sourceTree = BUILT_PRODUCTS_DIR; };
		9C7D819C1E796F180093F41B /* App_TrainTests.swift */ = {isa = PBXFileReference; lastKnownFileType = sourcecode.swift; path = App_TrainTests.swift; sourceTree = "<group>"; };
		9C7D819E1E796F180093F41B /* Info.plist */ = {isa = PBXFileReference; lastKnownFileType = text.plist.xml; path = Info.plist; sourceTree = "<group>"; };
		9C7D81A31E796F180093F41B /* App TrainUITests.xctest */ = {isa = PBXFileReference; explicitFileType = wrapper.cfbundle; includeInIndex = 0; path = "App TrainUITests.xctest"; sourceTree = BUILT_PRODUCTS_DIR; };
		9C7D81A71E796F180093F41B /* App_TrainUITests.swift */ = {isa = PBXFileReference; lastKnownFileType = sourcecode.swift; path = App_TrainUITests.swift; sourceTree = "<group>"; };
		9C7D81A91E796F180093F41B /* Info.plist */ = {isa = PBXFileReference; lastKnownFileType = text.plist.xml; path = Info.plist; sourceTree = "<group>"; };
		9C7D81C31E797A830093F41B /* Home1ViewController.swift */ = {isa = PBXFileReference; fileEncoding = 4; lastKnownFileType = sourcecode.swift; path = Home1ViewController.swift; sourceTree = "<group>"; };
		9C7D81C51E797B080093F41B /* LocationTrainVC.swift */ = {isa = PBXFileReference; fileEncoding = 4; lastKnownFileType = sourcecode.swift; path = LocationTrainVC.swift; sourceTree = "<group>"; };
		9C7D81C71E797BF10093F41B /* Reachability.swift */ = {isa = PBXFileReference; fileEncoding = 4; lastKnownFileType = sourcecode.swift; path = Reachability.swift; sourceTree = "<group>"; };
		9C8069B71F592C3E002D7A39 /* LocationTrainVC3.swift */ = {isa = PBXFileReference; fileEncoding = 4; lastKnownFileType = sourcecode.swift; path = LocationTrainVC3.swift; sourceTree = "<group>"; };
		9C8069B91F592D26002D7A39 /* LocationTrainVC4.swift */ = {isa = PBXFileReference; fileEncoding = 4; lastKnownFileType = sourcecode.swift; path = LocationTrainVC4.swift; sourceTree = "<group>"; };
		9CCD9B241F5DBBFA007D386E /* TrainStationViewController.swift */ = {isa = PBXFileReference; fileEncoding = 4; lastKnownFileType = sourcecode.swift; path = TrainStationViewController.swift; sourceTree = "<group>"; };
/* End PBXFileReference section */

/* Begin PBXFrameworksBuildPhase section */
		9C7D81811E796F180093F41B /* Frameworks */ = {
			isa = PBXFrameworksBuildPhase;
			buildActionMask = 2147483647;
			files = (
			);
			runOnlyForDeploymentPostprocessing = 0;
		};
		9C7D81951E796F180093F41B /* Frameworks */ = {
			isa = PBXFrameworksBuildPhase;
			buildActionMask = 2147483647;
			files = (
			);
			runOnlyForDeploymentPostprocessing = 0;
		};
		9C7D81A01E796F180093F41B /* Frameworks */ = {
			isa = PBXFrameworksBuildPhase;
			buildActionMask = 2147483647;
			files = (
			);
			runOnlyForDeploymentPostprocessing = 0;
		};
/* End PBXFrameworksBuildPhase section */

/* Begin PBXGroup section */
		9C7D817B1E796F180093F41B = {
			isa = PBXGroup;
			children = (
				9C7D81861E796F180093F41B /* App Train */,
				9C7D819B1E796F180093F41B /* App TrainTests */,
				9C7D81A61E796F180093F41B /* App TrainUITests */,
				9C7D81851E796F180093F41B /* Products */,
			);
			sourceTree = "<group>";
		};
		9C7D81851E796F180093F41B /* Products */ = {
			isa = PBXGroup;
			children = (
				9C7D81841E796F180093F41B /* App Train.app */,
				9C7D81981E796F180093F41B /* App TrainTests.xctest */,
				9C7D81A31E796F180093F41B /* App TrainUITests.xctest */,
			);
			name = Products;
			sourceTree = "<group>";
		};
		9C7D81861E796F180093F41B /* App Train */ = {
			isa = PBXGroup;
			children = (
				9C7D81871E796F180093F41B /* AppDelegate.swift */,
				9C74AD521F5D6D7B00219470 /* HOMEViewController.swift */,
				9C7D81C31E797A830093F41B /* Home1ViewController.swift */,
				9C7D81C51E797B080093F41B /* LocationTrainVC.swift */,
				9C5A05FD1E9243D40071A508 /* LacationTrainVC2.swift */,
				9C8069B71F592C3E002D7A39 /* LocationTrainVC3.swift */,
				9C8069B91F592D26002D7A39 /* LocationTrainVC4.swift */,
				9C206BC81F627F0000AF04B2 /* testViewController.swift */,
				9CCD9B241F5DBBFA007D386E /* TrainStationViewController.swift */,
				9C7D818B1E796F180093F41B /* Main.storyboard */,
				9C7D818E1E796F180093F41B /* Assets.xcassets */,
				9C7D81901E796F180093F41B /* LaunchScreen.storyboard */,
				9C7D81C71E797BF10093F41B /* Reachability.swift */,
				9C7D81931E796F180093F41B /* Info.plist */,
			);
			path = "App Train";
			sourceTree = "<group>";
		};
		9C7D819B1E796F180093F41B /* App TrainTests */ = {
			isa = PBXGroup;
			children = (
				9C7D819C1E796F180093F41B /* App_TrainTests.swift */,
				9C7D819E1E796F180093F41B /* Info.plist */,
			);
			path = "App TrainTests";
			sourceTree = "<group>";
		};
		9C7D81A61E796F180093F41B /* App TrainUITests */ = {
			isa = PBXGroup;
			children = (
				9C7D81A71E796F180093F41B /* App_TrainUITests.swift */,
				9C7D81A91E796F180093F41B /* Info.plist */,
			);
			path = "App TrainUITests";
			sourceTree = "<group>";
		};
/* End PBXGroup section */

/* Begin PBXNativeTarget section */
		9C7D81831E796F180093F41B /* App Train */ = {
			isa = PBXNativeTarget;
			buildConfigurationList = 9C7D81AC1E796F180093F41B /* Build configuration list for PBXNativeTarget "App Train" */;
			buildPhases = (
				9C7D81801E796F180093F41B /* Sources */,
				9C7D81811E796F180093F41B /* Frameworks */,
				9C7D81821E796F180093F41B /* Resources */,
			);
			buildRules = (
			);
			dependencies = (
			);
			name = "App Train";
			productName = "App Train";
			productReference = 9C7D81841E796F180093F41B /* App Train.app */;
			productType = "com.apple.product-type.application";
		};
		9C7D81971E796F180093F41B /* App TrainTests */ = {
			isa = PBXNativeTarget;
			buildConfigurationList = 9C7D81AF1E796F180093F41B /* Build configuration list for PBXNativeTarget "App TrainTests" */;
			buildPhases = (
				9C7D81941E796F180093F41B /* Sources */,
				9C7D81951E796F180093F41B /* Frameworks */,
				9C7D81961E796F180093F41B /* Resources */,
			);
			buildRules = (
			);
			dependencies = (
				9C7D819A1E796F180093F41B /* PBXTargetDependency */,
			);
			name = "App TrainTests";
			productName = "App TrainTests";
			productReference = 9C7D81981E796F180093F41B /* App TrainTests.xctest */;
			productType = "com.apple.product-type.bundle.unit-test";
		};
		9C7D81A21E796F180093F41B /* App TrainUITests */ = {
			isa = PBXNativeTarget;
			buildConfigurationList = 9C7D81B21E796F180093F41B /* Build configuration list for PBXNativeTarget "App TrainUITests" */;
			buildPhases = (
				9C7D819F1E796F180093F41B /* Sources */,
				9C7D81A01E796F180093F41B /* Frameworks */,
				9C7D81A11E796F180093F41B /* Resources */,
			);
			buildRules = (
			);
			dependencies = (
				9C7D81A51E796F180093F41B /* PBXTargetDependency */,
			);
			name = "App TrainUITests";
			productName = "App TrainUITests";
			productReference = 9C7D81A31E796F180093F41B /* App TrainUITests.xctest */;
			productType = "com.apple.product-type.bundle.ui-testing";
		};
/* End PBXNativeTarget section */

/* Begin PBXProject section */
		9C7D817C1E796F180093F41B /* Project object */ = {
			isa = PBXProject;
			attributes = {
				LastSwiftUpdateCheck = 0820;
				LastUpgradeCheck = 0820;
				ORGANIZATIONNAME = "Arisara Corp";
				TargetAttributes = {
					9C7D81831E796F180093F41B = {
						CreatedOnToolsVersion = 8.2.1;
						DevelopmentTeam = N89GXP9764;
						ProvisioningStyle = Automatic;
					};
					9C7D81971E796F180093F41B = {
						CreatedOnToolsVersion = 8.2.1;
						DevelopmentTeam = N89GXP9764;
						ProvisioningStyle = Automatic;
						TestTargetID = 9C7D81831E796F180093F41B;
					};
					9C7D81A21E796F180093F41B = {
						CreatedOnToolsVersion = 8.2.1;
						DevelopmentTeam = N89GXP9764;
						ProvisioningStyle = Automatic;
						TestTargetID = 9C7D81831E796F180093F41B;
					};
				};
			};
			buildConfigurationList = 9C7D817F1E796F180093F41B /* Build configuration list for PBXProject "App Train" */;
			compatibilityVersion = "Xcode 3.2";
			developmentRegion = English;
			hasScannedForEncodings = 0;
			knownRegions = (
				en,
				Base,
			);
			mainGroup = 9C7D817B1E796F180093F41B;
			productRefGroup = 9C7D81851E796F180093F41B /* Products */;
			projectDirPath = "";
			projectRoot = "";
			targets = (
				9C7D81831E796F180093F41B /* App Train */,
				9C7D81971E796F180093F41B /* App TrainTests */,
				9C7D81A21E796F180093F41B /* App TrainUITests */,
			);
		};
/* End PBXProject section */

/* Begin PBXResourcesBuildPhase section */
		9C7D81821E796F180093F41B /* Resources */ = {
			isa = PBXResourcesBuildPhase;
			buildActionMask = 2147483647;
			files = (
				9C7D81921E796F180093F41B /* LaunchScreen.storyboard in Resources */,
				9C7D818F1E796F180093F41B /* Assets.xcassets in Resources */,
				9C7D818D1E796F180093F41B /* Main.storyboard in Resources */,
			);
			runOnlyForDeploymentPostprocessing = 0;
		};
		9C7D81961E796F180093F41B /* Resources */ = {
			isa = PBXResourcesBuildPhase;
			buildActionMask = 2147483647;
			files = (
			);
			runOnlyForDeploymentPostprocessing = 0;
		};
		9C7D81A11E796F180093F41B /* Resources */ = {
			isa = PBXResourcesBuildPhase;
			buildActionMask = 2147483647;
			files = (
			);
			runOnlyForDeploymentPostprocessing = 0;
		};
/* End PBXResourcesBuildPhase section */

/* Begin PBXSourcesBuildPhase section */
		9C7D81801E796F180093F41B /* Sources */ = {
			isa = PBXSourcesBuildPhase;
			buildActionMask = 2147483647;
			files = (
				9C8069BA1F592D26002D7A39 /* LocationTrainVC4.swift in Sources */,
				9C7D81C61E797B080093F41B /* LocationTrainVC.swift in Sources */,
				9C7D81C41E797A830093F41B /* Home1ViewController.swift in Sources */,
				9C74AD531F5D6D7B00219470 /* HOMEViewController.swift in Sources */,
				9C7D81C81E797BF10093F41B /* Reachability.swift in Sources */,
				9C7D81881E796F180093F41B /* AppDelegate.swift in Sources */,
				9CCD9B251F5DBBFA007D386E /* TrainStationViewController.swift in Sources */,
				9C8069B81F592C3E002D7A39 /* LocationTrainVC3.swift in Sources */,
				9C206BC91F627F0000AF04B2 /* testViewController.swift in Sources */,
				9C5A05FE1E9243D40071A508 /* LacationTrainVC2.swift in Sources */,
			);
			runOnlyForDeploymentPostprocessing = 0;
		};
		9C7D81941E796F180093F41B /* Sources */ = {
			isa = PBXSourcesBuildPhase;
			buildActionMask = 2147483647;
			files = (
				9C7D819D1E796F180093F41B /* App_TrainTests.swift in Sources */,
			);
			runOnlyForDeploymentPostprocessing = 0;
		};
		9C7D819F1E796F180093F41B /* Sources */ = {
			isa = PBXSourcesBuildPhase;
			buildActionMask = 2147483647;
			files = (
				9C7D81A81E796F180093F41B /* App_TrainUITests.swift in Sources */,
			);
			runOnlyForDeploymentPostprocessing = 0;
		};
/* End PBXSourcesBuildPhase section */

/* Begin PBXTargetDependency section */
		9C7D819A1E796F180093F41B /* PBXTargetDependency */ = {
			isa = PBXTargetDependency;
			target = 9C7D81831E796F180093F41B /* App Train */;
			targetProxy = 9C7D81991E796F180093F41B /* PBXContainerItemProxy */;
		};
		9C7D81A51E796F180093F41B /* PBXTargetDependency */ = {
			isa = PBXTargetDependency;
			target = 9C7D81831E796F180093F41B /* App Train */;
			targetProxy = 9C7D81A41E796F180093F41B /* PBXContainerItemProxy */;
		};
/* End PBXTargetDependency section */

/* Begin PBXVariantGroup section */
		9C7D818B1E796F180093F41B /* Main.storyboard */ = {
			isa = PBXVariantGroup;
			children = (
				9C7D818C1E796F180093F41B /* Base */,
			);
			name = Main.storyboard;
			sourceTree = "<group>";
		};
		9C7D81901E796F180093F41B /* LaunchScreen.storyboard */ = {
			isa = PBXVariantGroup;
			children = (
				9C7D81911E796F180093F41B /* Base */,
			);
			name = LaunchScreen.storyboard;
			sourceTree = "<group>";
		};
/* End PBXVariantGroup section */

/* Begin XCBuildConfiguration section */
		9C7D81AA1E796F180093F41B /* Debug */ = {
			isa = XCBuildConfiguration;
			buildSettings = {
				ALWAYS_SEARCH_USER_PATHS = NO;
				CLANG_ANALYZER_NONNULL = YES;
				CLANG_CXX_LANGUAGE_STANDARD = "gnu++0x";
				CLANG_CXX_LIBRARY = "libc++";
				CLANG_ENABLE_MODULES = YES;
				CLANG_ENABLE_OBJC_ARC = YES;
				CLANG_WARN_BOOL_CONVERSION = YES;
				CLANG_WARN_CONSTANT_CONVERSION = YES;
				CLANG_WARN_DIRECT_OBJC_ISA_USAGE = YES_ERROR;
				CLANG_WARN_DOCUMENTATION_COMMENTS = YES;
				CLANG_WARN_EMPTY_BODY = YES;
				CLANG_WARN_ENUM_CONVERSION = YES;
				CLANG_WARN_INFINITE_RECURSION = YES;
				CLANG_WARN_INT_CONVERSION = YES;
				CLANG_WARN_OBJC_ROOT_CLASS = YES_ERROR;
				CLANG_WARN_SUSPICIOUS_MOVE = YES;
				CLANG_WARN_UNREACHABLE_CODE = YES;
				CLANG_WARN__DUPLICATE_METHOD_MATCH = YES;
				"CODE_SIGN_IDENTITY[sdk=iphoneos*]" = "iPhone Developer";
				COPY_PHASE_STRIP = NO;
				DEBUG_INFORMATION_FORMAT = dwarf;
				ENABLE_STRICT_OBJC_MSGSEND = YES;
				ENABLE_TESTABILITY = YES;
				GCC_C_LANGUAGE_STANDARD = gnu99;
				GCC_DYNAMIC_NO_PIC = NO;
				GCC_NO_COMMON_BLOCKS = YES;
				GCC_OPTIMIZATION_LEVEL = 0;
				GCC_PREPROCESSOR_DEFINITIONS = (
					"DEBUG=1",
					"$(inherited)",
				);
				GCC_WARN_64_TO_32_BIT_CONVERSION = YES;
				GCC_WARN_ABOUT_RETURN_TYPE = YES_ERROR;
				GCC_WARN_UNDECLARED_SELECTOR = YES;
				GCC_WARN_UNINITIALIZED_AUTOS = YES_AGGRESSIVE;
				GCC_WARN_UNUSED_FUNCTION = YES;
				GCC_WARN_UNUSED_VARIABLE = YES;
				IPHONEOS_DEPLOYMENT_TARGET = 10.2;
				MTL_ENABLE_DEBUG_INFO = YES;
				ONLY_ACTIVE_ARCH = YES;
				SDKROOT = iphoneos;
				SWIFT_ACTIVE_COMPILATION_CONDITIONS = DEBUG;
				SWIFT_OPTIMIZATION_LEVEL = "-Onone";
				TARGETED_DEVICE_FAMILY = "1,2";
			};
			name = Debug;
		};
		9C7D81AB1E796F180093F41B /* Release */ = {
			isa = XCBuildConfiguration;
			buildSettings = {
				ALWAYS_SEARCH_USER_PATHS = NO;
				CLANG_ANALYZER_NONNULL = YES;
				CLANG_CXX_LANGUAGE_STANDARD = "gnu++0x";
				CLANG_CXX_LIBRARY = "libc++";
				CLANG_ENABLE_MODULES = YES;
				CLANG_ENABLE_OBJC_ARC = YES;
				CLANG_WARN_BOOL_CONVERSION = YES;
				CLANG_WARN_CONSTANT_CONVERSION = YES;
				CLANG_WARN_DIRECT_OBJC_ISA_USAGE = YES_ERROR;
				CLANG_WARN_DOCUMENTATION_COMMENTS = YES;
				CLANG_WARN_EMPTY_BODY = YES;
				CLANG_WARN_ENUM_CONVERSION = YES;
				CLANG_WARN_INFINITE_RECURSION = YES;
				CLANG_WARN_INT_CONVERSION = YES;
				CLANG_WARN_OBJC_ROOT_CLASS = YES_ERROR;
				CLANG_WARN_SUSPICIOUS_MOVE = YES;
				CLANG_WARN_UNREACHABLE_CODE = YES;
				CLANG_WARN__DUPLICATE_METHOD_MATCH = YES;
				"CODE_SIGN_IDENTITY[sdk=iphoneos*]" = "iPhone Developer";
				COPY_PHASE_STRIP = NO;
				DEBUG_INFORMATION_FORMAT = "dwarf-with-dsym";
				ENABLE_NS_ASSERTIONS = NO;
				ENABLE_STRICT_OBJC_MSGSEND = YES;
				GCC_C_LANGUAGE_STANDARD = gnu99;
				GCC_NO_COMMON_BLOCKS = YES;
				GCC_WARN_64_TO_32_BIT_CONVERSION = YES;
				GCC_WARN_ABOUT_RETURN_TYPE = YES_ERROR;
				GCC_WARN_UNDECLARED_SELECTOR = YES;
				GCC_WARN_UNINITIALIZED_AUTOS = YES_AGGRESSIVE;
				GCC_WARN_UNUSED_FUNCTION = YES;
				GCC_WARN_UNUSED_VARIABLE = YES;
				IPHONEOS_DEPLOYMENT_TARGET = 10.2;
				MTL_ENABLE_DEBUG_INFO = NO;
				SDKROOT = iphoneos;
				SWIFT_OPTIMIZATION_LEVEL = "-Owholemodule";
				TARGETED_DEVICE_FAMILY = "1,2";
				VALIDATE_PRODUCT = YES;
			};
			name = Release;
		};
		9C7D81AD1E796F180093F41B /* Debug */ = {
			isa = XCBuildConfiguration;
			buildSettings = {
				ASSETCATALOG_COMPILER_APPICON_NAME = AppIcon;
				DEVELOPMENT_TEAM = N89GXP9764;
				INFOPLIST_FILE = "App Train/Info.plist";
				LD_RUNPATH_SEARCH_PATHS = "$(inherited) @executable_path/Frameworks";
				PRODUCT_BUNDLE_IDENTIFIER = "com.aris.App-Train";
				PRODUCT_NAME = "$(TARGET_NAME)";
				SWIFT_VERSION = 3.0;
				TARGETED_DEVICE_FAMILY = "1,2";
			};
			name = Debug;
		};
		9C7D81AE1E796F180093F41B /* Release */ = {
			isa = XCBuildConfiguration;
			buildSettings = {
				ASSETCATALOG_COMPILER_APPICON_NAME = AppIcon;
				DEVELOPMENT_TEAM = N89GXP9764;
				INFOPLIST_FILE = "App Train/Info.plist";
				LD_RUNPATH_SEARCH_PATHS = "$(inherited) @executable_path/Frameworks";
				PRODUCT_BUNDLE_IDENTIFIER = "com.aris.App-Train";
				PRODUCT_NAME = "$(TARGET_NAME)";
				SWIFT_VERSION = 3.0;
				TARGETED_DEVICE_FAMILY = "1,2";
			};
			name = Release;
		};
		9C7D81B01E796F180093F41B /* Debug */ = {
			isa = XCBuildConfiguration;
			buildSettings = {
				ALWAYS_EMBED_SWIFT_STANDARD_LIBRARIES = YES;
				BUNDLE_LOADER = "$(TEST_HOST)";
				DEVELOPMENT_TEAM = N89GXP9764;
				INFOPLIST_FILE = "App TrainTests/Info.plist";
				LD_RUNPATH_SEARCH_PATHS = "$(inherited) @executable_path/Frameworks @loader_path/Frameworks";
				PRODUCT_BUNDLE_IDENTIFIER = "com.aris.App-TrainTests";
				PRODUCT_NAME = "$(TARGET_NAME)";
				SWIFT_VERSION = 3.0;
				TEST_HOST = "$(BUILT_PRODUCTS_DIR)/App Train.app/App Train";
			};
			name = Debug;
		};
		9C7D81B11E796F180093F41B /* Release */ = {
			isa = XCBuildConfiguration;
			buildSettings = {
				ALWAYS_EMBED_SWIFT_STANDARD_LIBRARIES = YES;
				BUNDLE_LOADER = "$(TEST_HOST)";
				DEVELOPMENT_TEAM = N89GXP9764;
				INFOPLIST_FILE = "App TrainTests/Info.plist";
				LD_RUNPATH_SEARCH_PATHS = "$(inherited) @executable_path/Frameworks @loader_path/Frameworks";
				PRODUCT_BUNDLE_IDENTIFIER = "com.aris.App-TrainTests";
				PRODUCT_NAME = "$(TARGET_NAME)";
				SWIFT_VERSION = 3.0;
				TEST_HOST = "$(BUILT_PRODUCTS_DIR)/App Train.app/App Train";
			};
			name = Release;
		};
		9C7D81B31E796F180093F41B /* Debug */ = {
			isa = XCBuildConfiguration;
			buildSettings = {
				ALWAYS_EMBED_SWIFT_STANDARD_LIBRARIES = YES;
				DEVELOPMENT_TEAM = N89GXP9764;
				INFOPLIST_FILE = "App TrainUITests/Info.plist";
				LD_RUNPATH_SEARCH_PATHS = "$(inherited) @executable_path/Frameworks @loader_path/Frameworks";
				PRODUCT_BUNDLE_IDENTIFIER = "com.aris.App-TrainUITests";
				PRODUCT_NAME = "$(TARGET_NAME)";
				SWIFT_VERSION = 3.0;
				TEST_TARGET_NAME = "App Train";
			};
			name = Debug;
		};
		9C7D81B41E796F180093F41B /* Release */ = {
			isa = XCBuildConfiguration;
			buildSettings = {
				ALWAYS_EMBED_SWIFT_STANDARD_LIBRARIES = YES;
				DEVELOPMENT_TEAM = N89GXP9764;
				INFOPLIST_FILE = "App TrainUITests/Info.plist";
				LD_RUNPATH_SEARCH_PATHS = "$(inherited) @executable_path/Frameworks @loader_path/Frameworks";
				PRODUCT_BUNDLE_IDENTIFIER = "com.aris.App-TrainUITests";
				PRODUCT_NAME = "$(TARGET_NAME)";
				SWIFT_VERSION = 3.0;
				TEST_TARGET_NAME = "App Train";
			};
			name = Release;
		};
/* End XCBuildConfiguration section */

/* Begin XCConfigurationList section */
		9C7D817F1E796F180093F41B /* Build configuration list for PBXProject "App Train" */ = {
			isa = XCConfigurationList;
			buildConfigurations = (
				9C7D81AA1E796F180093F41B /* Debug */,
				9C7D81AB1E796F180093F41B /* Release */,
			);
			defaultConfigurationIsVisible = 0;
			defaultConfigurationName = Release;
		};
		9C7D81AC1E796F180093F41B /* Build configuration list for PBXNativeTarget "App Train" */ = {
			isa = XCConfigurationList;
			buildConfigurations = (
				9C7D81AD1E796F180093F41B /* Debug */,
				9C7D81AE1E796F180093F41B /* Release */,
			);
			defaultConfigurationIsVisible = 0;
			defaultConfigurationName = Release;
		};
		9C7D81AF1E796F180093F41B /* Build configuration list for PBXNativeTarget "App TrainTests" */ = {
			isa = XCConfigurationList;
			buildConfigurations = (
				9C7D81B01E796F180093F41B /* Debug */,
				9C7D81B11E796F180093F41B /* Release */,
			);
			defaultConfigurationIsVisible = 0;
			defaultConfigurationName = Release;
		};
		9C7D81B21E796F180093F41B /* Build configuration list for PBXNativeTarget "App TrainUITests" */ = {
			isa = XCConfigurationList;
			buildConfigurations = (
				9C7D81B31E796F180093F41B /* Debug */,
				9C7D81B41E796F180093F41B /* Release */,
			);
			defaultConfigurationIsVisible = 0;
			defaultConfigurationName = Release;
		};
/* End XCConfigurationList section */
	};
	rootObject = 9C7D817C1E796F180093F41B /* Project object */;
}
